
Microsoft Visual Studio Solution File, Format Version 12.00
Project("{FAE04EC0-301F-11D3-BF4B-00C04F79EFBC}") = "WorkTimeTracker", "WorkTimeTracker.csproj", "{61F11BD5-DE17-4280-BEBD-37CF5ABED6DF}"
EndProject
Global
	GlobalSection(SolutionConfigurationPlatforms) = preSolution
		Debug|Any CPU = Debug|Any CPU
		Release|Any CPU = Release|Any CPU
	EndGlobalSection
	GlobalSection(ProjectConfigurationPlatforms) = postSolution
		{61F11BD5-DE17-4280-BEBD-37CF5ABED6DF}.Debug|Any CPU.ActiveCfg = Debug|Any CPU
		{61F11BD5-DE17-4280-BEBD-37CF5ABED6DF}.Debug|Any CPU.Build.0 = Debug|Any CPU
		{61F11BD5-DE17-4280-BEBD-37CF5ABED6DF}.Release|Any CPU.ActiveCfg = Release|Any CPU
		{61F11BD5-DE17-4280-BEBD-37CF5ABED6DF}.Release|Any CPU.Build.0 = Release|Any CPU
	EndGlobalSection
EndGlobal
